
Microsoft Visual Studio Solution File, Format Version 12.00
# Visual Studio Version 16
VisualStudioVersion = 16.0.29613.14
MinimumVisualStudioVersion = 15.0.26124.0
Project("{9A19103F-16F7-4668-BE54-9A1E7A4F7556}") = "EmployeeTaskManagement", "EmployeeTaskManagement\EmployeeTaskManagement.csproj", "{0BD9B11D-6A37-406F-A684-FC80BBCA708F}"
EndProject
Project("{9A19103F-16F7-4668-BE54-9A1E7A4F7556}") = "EmployeeTaskManagement.Tests", "EmployeeTaskManagement.Tests\EmployeeTaskManagement.Tests.csproj", "{15F49B8E-9DB9-44C3-9855-B11C2F59C27F}"
EndProject
Global
	GlobalSection(SolutionConfigurationPlatforms) = preSolution
		Debug|Any CPU = Debug|Any CPU
		Debug|x64 = Debug|x64
		Debug|x86 = Debug|x86
		Release|Any CPU = Release|Any CPU
		Release|x64 = Release|x64
		Release|x86 = Release|x86
	EndGlobalSection
	GlobalSection(ProjectConfigurationPlatforms) = postSolution
		{0BD9B11D-6A37-406F-A684-FC80BBCA708F}.Debug|Any CPU.ActiveCfg = Debug|Any CPU
		{0BD9B11D-6A37-406F-A684-FC80BBCA708F}.Debug|Any CPU.Build.0 = Debug|Any CPU
		{0BD9B11D-6A37-406F-A684-FC80BBCA708F}.Debug|x64.ActiveCfg = Debug|Any CPU
		{0BD9B11D-6A37-406F-A684-FC80BBCA708F}.Debug|x64.Build.0 = Debug|Any CPU
		{0BD9B11D-6A37-406F-A684-FC80BBCA708F}.Debug|x86.ActiveCfg = Debug|Any CPU
		{0BD9B11D-6A37-406F-A684-FC80BBCA708F}.Debug|x86.Build.0 = Debug|Any CPU
		{0BD9B11D-6A37-406F-A684-FC80BBCA708F}.Release|Any CPU.ActiveCfg = Release|Any CPU
		{0BD9B11D-6A37-406F-A684-FC80BBCA708F}.Release|Any CPU.Build.0 = Release|Any CPU
		{0BD9B11D-6A37-406F-A684-FC80BBCA708F}.Release|x64.ActiveCfg = Release|Any CPU
		{0BD9B11D-6A37-406F-A684-FC80BBCA708F}.Release|x64.Build.0 = Release|Any CPU
		{0BD9B11D-6A37-406F-A684-FC80BBCA708F}.Release|x86.ActiveCfg = Release|Any CPU
		{0BD9B11D-6A37-406F-A684-FC80BBCA708F}.Release|x86.Build.0 = Release|Any CPU
		{15F49B8E-9DB9-44C3-9855-B11C2F59C27F}.Debug|Any CPU.ActiveCfg = Debug|Any CPU
		{15F49B8E-9DB9-44C3-9855-B11C2F59C27F}.Debug|Any CPU.Build.0 = Debug|Any CPU
		{15F49B8E-9DB9-44C3-9855-B11C2F59C27F}.Debug|x64.ActiveCfg = Debug|Any CPU
		{15F49B8E-9DB9-44C3-9855-B11C2F59C27F}.Debug|x64.Build.0 = Debug|Any CPU
		{15F49B8E-9DB9-44C3-9855-B11C2F59C27F}.Debug|x86.ActiveCfg = Debug|Any CPU
		{15F49B8E-9DB9-44C3-9855-B11C2F59C27F}.Debug|x86.Build.0 = Debug|Any CPU
		{15F49B8E-9DB9-44C3-9855-B11C2F59C27F}.Release|Any CPU.ActiveCfg = Release|Any CPU
		{15F49B8E-9DB9-44C3-9855-B11C2F59C27F}.Release|Any CPU.Build.0 = Release|Any CPU
		{15F49B8E-9DB9-44C3-9855-B11C2F59C27F}.Release|x64.ActiveCfg = Release|Any CPU
		{15F49B8E-9DB9-44C3-9855-B11C2F59C27F}.Release|x64.Build.0 = Release|Any CPU
		{15F49B8E-9DB9-44C3-9855-B11C2F59C27F}.Release|x86.ActiveCfg = Release|Any CPU
		{15F49B8E-9DB9-44C3-9855-B11C2F59C27F}.Release|x86.Build.0 = Release|Any CPU
	EndGlobalSection
	GlobalSection(SolutionProperties) = preSolution
		HideSolutionNode = FALSE
	EndGlobalSection
	GlobalSection(ExtensibilityGlobals) = postSolution
		SolutionGuid = {CA0F7796-457A-4FF0-A601-D2C097810729}
	EndGlobalSection
EndGlobal
